
Microsoft Visual Studio Solution File, Format Version 12.00
# Visual Studio Version 16
VisualStudioVersion = 16.0.29418.71
MinimumVisualStudioVersion = 10.0.40219.1
Project("{9A19103F-16F7-4668-BE54-9A1E7A4F7556}") = "InterviewTest", "InterviewTest\InterviewTest.csproj", "{1F922B06-71D5-4C7E-B065-DB52522B61C5}"
EndProject
Project("{FAE04EC0-301F-11D3-BF4B-00C04F79EFBC}") = "InterviewTest.Services", "InterviewTest.Services\InterviewTest.Services.csproj", "{728C9FB6-769A-4DE0-83F6-610AD40912DB}"
EndProject
Project("{FAE04EC0-301F-11D3-BF4B-00C04F79EFBC}") = "InterviewTest.Models", "InterviewTest.Models\InterviewTest.Models.csproj", "{2E598794-FFEE-4E90-B138-1E741BE40700}"
EndProject
Project("{FAE04EC0-301F-11D3-BF4B-00C04F79EFBC}") = "InterviewTest.Tests", "InterviewTest.Tests\InterviewTest.Tests.csproj", "{2FD1D31E-2C83-4889-989A-8AB790AE264E}"
EndProject
Global
	GlobalSection(SolutionConfigurationPlatforms) = preSolution
		Debug|Any CPU = Debug|Any CPU
		Release|Any CPU = Release|Any CPU
	EndGlobalSection
	GlobalSection(ProjectConfigurationPlatforms) = postSolution
		{1F922B06-71D5-4C7E-B065-DB52522B61C5}.Debug|Any CPU.ActiveCfg = Debug|Any CPU
		{1F922B06-71D5-4C7E-B065-DB52522B61C5}.Debug|Any CPU.Build.0 = Debug|Any CPU
		{1F922B06-71D5-4C7E-B065-DB52522B61C5}.Release|Any CPU.ActiveCfg = Release|Any CPU
		{1F922B06-71D5-4C7E-B065-DB52522B61C5}.Release|Any CPU.Build.0 = Release|Any CPU
		{728C9FB6-769A-4DE0-83F6-610AD40912DB}.Debug|Any CPU.ActiveCfg = Debug|Any CPU
		{728C9FB6-769A-4DE0-83F6-610AD40912DB}.Debug|Any CPU.Build.0 = Debug|Any CPU
		{728C9FB6-769A-4DE0-83F6-610AD40912DB}.Release|Any CPU.ActiveCfg = Release|Any CPU
		{728C9FB6-769A-4DE0-83F6-610AD40912DB}.Release|Any CPU.Build.0 = Release|Any CPU
		{2E598794-FFEE-4E90-B138-1E741BE40700}.Debug|Any CPU.ActiveCfg = Debug|Any CPU
		{2E598794-FFEE-4E90-B138-1E741BE40700}.Debug|Any CPU.Build.0 = Debug|Any CPU
		{2E598794-FFEE-4E90-B138-1E741BE40700}.Release|Any CPU.ActiveCfg = Release|Any CPU
		{2E598794-FFEE-4E90-B138-1E741BE40700}.Release|Any CPU.Build.0 = Release|Any CPU
		{2FD1D31E-2C83-4889-989A-8AB790AE264E}.Debug|Any CPU.ActiveCfg = Debug|Any CPU
		{2FD1D31E-2C83-4889-989A-8AB790AE264E}.Debug|Any CPU.Build.0 = Debug|Any CPU
		{2FD1D31E-2C83-4889-989A-8AB790AE264E}.Release|Any CPU.ActiveCfg = Release|Any CPU
		{2FD1D31E-2C83-4889-989A-8AB790AE264E}.Release|Any CPU.Build.0 = Release|Any CPU
	EndGlobalSection
	GlobalSection(SolutionProperties) = preSolution
		HideSolutionNode = FALSE
	EndGlobalSection
	GlobalSection(ExtensibilityGlobals) = postSolution
		SolutionGuid = {4269CD1B-9780-4483-B16F-D72C8B81FCBB}
	EndGlobalSection
EndGlobal
